// !$*UTF8*$!
{
	archiveVersion = 1;
	classes = {
	};
	objectVersion = 46;
	objects = {

/* Begin PBXBuildFile section */
		7A3374DF1DA351960077D3E6 /* PhotoMetadataController.swift in Sources */ = {isa = PBXBuildFile; fileRef = 7A3374DE1DA351960077D3E6 /* PhotoMetadataController.swift */; };
		7A3374E11DA35F770077D3E6 /* LocationManager.swift in Sources */ = {isa = PBXBuildFile; fileRef = 7A3374E01DA35F770077D3E6 /* LocationManager.swift */; };
		7A8B6D301DA7528A00B7080C /* PhotoDataSource.swift in Sources */ = {isa = PBXBuildFile; fileRef = 7A8B6D2F1DA7528A00B7080C /* PhotoDataSource.swift */; };
		7A8B6D321DA7534900B7080C /* PhotoFetchedResultsController.swift in Sources */ = {isa = PBXBuildFile; fileRef = 7A8B6D311DA7534900B7080C /* PhotoFetchedResultsController.swift */; };
		7A8B6D341DA756B200B7080C /* PhotoCell.swift in Sources */ = {isa = PBXBuildFile; fileRef = 7A8B6D331DA756B200B7080C /* PhotoCell.swift */; };
		7A8DE1AF1DA8AE3A0004C154 /* PhotoSortListController.swift in Sources */ = {isa = PBXBuildFile; fileRef = 7A8DE1AE1DA8AE3A0004C154 /* PhotoSortListController.swift */; };
		7A8DE1B11DA8AF780004C154 /* SortableDataSource.swift in Sources */ = {isa = PBXBuildFile; fileRef = 7A8DE1B01DA8AF780004C154 /* SortableDataSource.swift */; };
		7A8F4AB71D973CD100280A65 /* AppDelegate.swift in Sources */ = {isa = PBXBuildFile; fileRef = 7A8F4AB61D973CD100280A65 /* AppDelegate.swift */; };
		7A8F4AB91D973CD100280A65 /* PhotoListController.swift in Sources */ = {isa = PBXBuildFile; fileRef = 7A8F4AB81D973CD100280A65 /* PhotoListController.swift */; };
		7A8F4ABE1D973CD100280A65 /* Assets.xcassets in Resources */ = {isa = PBXBuildFile; fileRef = 7A8F4ABD1D973CD100280A65 /* Assets.xcassets */; };
		7A8F4AC11D973CD100280A65 /* LaunchScreen.storyboard in Resources */ = {isa = PBXBuildFile; fileRef = 7A8F4ABF1D973CD100280A65 /* LaunchScreen.storyboard */; };
		7A8F4ACC1D973CD100280A65 /* FaceSnapTests.swift in Sources */ = {isa = PBXBuildFile; fileRef = 7A8F4ACB1D973CD100280A65 /* FaceSnapTests.swift */; };
		7A8F4AD71D97426B00280A65 /* MediaPickerManager.swift in Sources */ = {isa = PBXBuildFile; fileRef = 7A8F4AD61D97426B00280A65 /* MediaPickerManager.swift */; };
		7A94C16E1D98596C0041E7C5 /* PhotoFilterController.swift in Sources */ = {isa = PBXBuildFile; fileRef = 7A94C16D1D98596C0041E7C5 /* PhotoFilterController.swift */; };
		7A94C1701D9860A60041E7C5 /* FilteredImageBuilder.swift in Sources */ = {isa = PBXBuildFile; fileRef = 7A94C16F1D9860A60041E7C5 /* FilteredImageBuilder.swift */; };
		7A94C1721D98B7DA0041E7C5 /* FilteredImageCell.swift in Sources */ = {isa = PBXBuildFile; fileRef = 7A94C1711D98B7DA0041E7C5 /* FilteredImageCell.swift */; };
		7A9F1A8D1DA614390013B0CC /* Photo.swift in Sources */ = {isa = PBXBuildFile; fileRef = 7A9F1A8C1DA614390013B0CC /* Photo.swift */; };
		7A9F1A8F1DA614D20013B0CC /* Tag.swift in Sources */ = {isa = PBXBuildFile; fileRef = 7A9F1A8E1DA614D20013B0CC /* Tag.swift */; };
		7A9F1A911DA614E90013B0CC /* Location.swift in Sources */ = {isa = PBXBuildFile; fileRef = 7A9F1A901DA614E90013B0CC /* Location.swift */; };
		7AC3C1D41DA4B3D200049917 /* CoreDataController.swift in Sources */ = {isa = PBXBuildFile; fileRef = 7AC3C1D31DA4B3D200049917 /* CoreDataController.swift */; };
		7AC3C1D71DA4B4A700049917 /* FaceSnap.xcdatamodeld in Sources */ = {isa = PBXBuildFile; fileRef = 7AC3C1D51DA4B4A700049917 /* FaceSnap.xcdatamodeld */; };
/* End PBXBuildFile section */

/* Begin PBXContainerItemProxy section */
		7A8F4AC81D973CD100280A65 /* PBXContainerItemProxy */ = {
			isa = PBXContainerItemProxy;
			containerPortal = 7A8F4AAB1D973CD100280A65 /* Project object */;
			proxyType = 1;
			remoteGlobalIDString = 7A8F4AB21D973CD100280A65;
			remoteInfo = FaceSnap;
		};
/* End PBXContainerItemProxy section */

/* Begin PBXFileReference section */
		7A3374DE1DA351960077D3E6 /* PhotoMetadataController.swift */ = {isa = PBXFileReference; fileEncoding = 4; lastKnownFileType = sourcecode.swift; path = PhotoMetadataController.swift; sourceTree = "<group>"; };
		7A3374E01DA35F770077D3E6 /* LocationManager.swift */ = {isa = PBXFileReference; fileEncoding = 4; lastKnownFileType = sourcecode.swift; path = LocationManager.swift; sourceTree = "<group>"; };
		7A8B6D2F1DA7528A00B7080C /* PhotoDataSource.swift */ = {isa = PBXFileReference; fileEncoding = 4; lastKnownFileType = sourcecode.swift; path = PhotoDataSource.swift; sourceTree = "<group>"; };
		7A8B6D311DA7534900B7080C /* PhotoFetchedResultsController.swift */ = {isa = PBXFileReference; fileEncoding = 4; lastKnownFileType = sourcecode.swift; path = PhotoFetchedResultsController.swift; sourceTree = "<group>"; };
		7A8B6D331DA756B200B7080C /* PhotoCell.swift */ = {isa = PBXFileReference; fileEncoding = 4; lastKnownFileType = sourcecode.swift; path = PhotoCell.swift; sourceTree = "<group>"; };
		7A8DE1AE1DA8AE3A0004C154 /* PhotoSortListController.swift */ = {isa = PBXFileReference; fileEncoding = 4; lastKnownFileType = sourcecode.swift; path = PhotoSortListController.swift; sourceTree = "<group>"; };
		7A8DE1B01DA8AF780004C154 /* SortableDataSource.swift */ = {isa = PBXFileReference; fileEncoding = 4; lastKnownFileType = sourcecode.swift; path = SortableDataSource.swift; sourceTree = "<group>"; };
		7A8F4AB31D973CD100280A65 /* FaceSnap.app */ = {isa = PBXFileReference; explicitFileType = wrapper.application; includeInIndex = 0; path = FaceSnap.app; sourceTree = BUILT_PRODUCTS_DIR; };
		7A8F4AB61D973CD100280A65 /* AppDelegate.swift */ = {isa = PBXFileReference; lastKnownFileType = sourcecode.swift; path = AppDelegate.swift; sourceTree = "<group>"; };
		7A8F4AB81D973CD100280A65 /* PhotoListController.swift */ = {isa = PBXFileReference; lastKnownFileType = sourcecode.swift; path = PhotoListController.swift; sourceTree = "<group>"; };
		7A8F4ABD1D973CD100280A65 /* Assets.xcassets */ = {isa = PBXFileReference; lastKnownFileType = folder.assetcatalog; path = Assets.xcassets; sourceTree = "<group>"; };
		7A8F4AC01D973CD100280A65 /* Base */ = {isa = PBXFileReference; lastKnownFileType = file.storyboard; name = Base; path = Base.lproj/LaunchScreen.storyboard; sourceTree = "<group>"; };
		7A8F4AC21D973CD100280A65 /* Info.plist */ = {isa = PBXFileReference; lastKnownFileType = text.plist.xml; path = Info.plist; sourceTree = "<group>"; };
		7A8F4AC71D973CD100280A65 /* FaceSnapTests.xctest */ = {isa = PBXFileReference; explicitFileType = wrapper.cfbundle; includeInIndex = 0; path = FaceSnapTests.xctest; sourceTree = BUILT_PRODUCTS_DIR; };
		7A8F4ACB1D973CD100280A65 /* FaceSnapTests.swift */ = {isa = PBXFileReference; lastKnownFileType = sourcecode.swift; path = FaceSnapTests.swift; sourceTree = "<group>"; };
		7A8F4ACD1D973CD100280A65 /* Info.plist */ = {isa = PBXFileReference; lastKnownFileType = text.plist.xml; path = Info.plist; sourceTree = "<group>"; };
		7A8F4AD61D97426B00280A65 /* MediaPickerManager.swift */ = {isa = PBXFileReference; fileEncoding = 4; lastKnownFileType = sourcecode.swift; path = MediaPickerManager.swift; sourceTree = "<group>"; };
		7A94C16D1D98596C0041E7C5 /* PhotoFilterController.swift */ = {isa = PBXFileReference; fileEncoding = 4; lastKnownFileType = sourcecode.swift; path = PhotoFilterController.swift; sourceTree = "<group>"; };
		7A94C16F1D9860A60041E7C5 /* FilteredImageBuilder.swift */ = {isa = PBXFileReference; fileEncoding = 4; lastKnownFileType = sourcecode.swift; path = FilteredImageBuilder.swift; sourceTree = "<group>"; };
		7A94C1711D98B7DA0041E7C5 /* FilteredImageCell.swift */ = {isa = PBXFileReference; fileEncoding = 4; lastKnownFileType = sourcecode.swift; path = FilteredImageCell.swift; sourceTree = "<group>"; };
		7A9F1A8C1DA614390013B0CC /* Photo.swift */ = {isa = PBXFileReference; fileEncoding = 4; lastKnownFileType = sourcecode.swift; path = Photo.swift; sourceTree = "<group>"; };
		7A9F1A8E1DA614D20013B0CC /* Tag.swift */ = {isa = PBXFileReference; fileEncoding = 4; lastKnownFileType = sourcecode.swift; path = Tag.swift; sourceTree = "<group>"; };
		7A9F1A901DA614E90013B0CC /* Location.swift */ = {isa = PBXFileReference; fileEncoding = 4; lastKnownFileType = sourcecode.swift; path = Location.swift; sourceTree = "<group>"; };
		7AC3C1D31DA4B3D200049917 /* CoreDataController.swift */ = {isa = PBXFileReference; fileEncoding = 4; lastKnownFileType = sourcecode.swift; path = CoreDataController.swift; sourceTree = "<group>"; };
		7AC3C1D61DA4B4A700049917 /* FaceSnap.xcdatamodel */ = {isa = PBXFileReference; lastKnownFileType = wrapper.xcdatamodel; path = FaceSnap.xcdatamodel; sourceTree = "<group>"; };
/* End PBXFileReference section */

/* Begin PBXFrameworksBuildPhase section */
		7A8F4AB01D973CD100280A65 /* Frameworks */ = {
			isa = PBXFrameworksBuildPhase;
			buildActionMask = 2147483647;
			files = (
			);
			runOnlyForDeploymentPostprocessing = 0;
		};
		7A8F4AC41D973CD100280A65 /* Frameworks */ = {
			isa = PBXFrameworksBuildPhase;
			buildActionMask = 2147483647;
			files = (
			);
			runOnlyForDeploymentPostprocessing = 0;
		};
/* End PBXFrameworksBuildPhase section */

/* Begin PBXGroup section */
		7A8F4AAA1D973CD100280A65 = {
			isa = PBXGroup;
			children = (
				7A8F4AB51D973CD100280A65 /* FaceSnap */,
				7A8F4ACA1D973CD100280A65 /* FaceSnapTests */,
				7A8F4AB41D973CD100280A65 /* Products */,
			);
			sourceTree = "<group>";
		};
		7A8F4AB41D973CD100280A65 /* Products */ = {
			isa = PBXGroup;
			children = (
				7A8F4AB31D973CD100280A65 /* FaceSnap.app */,
				7A8F4AC71D973CD100280A65 /* FaceSnapTests.xctest */,
			);
			name = Products;
			sourceTree = "<group>";
		};
		7A8F4AB51D973CD100280A65 /* FaceSnap */ = {
			isa = PBXGroup;
			children = (
				7A94C16C1D98591D0041E7C5 /* Model */,
				7A94C16B1D9859160041E7C5 /* View */,
				7A94C16A1D9859090041E7C5 /* Controller */,
				7A94C1691D9858F70041E7C5 /* Helpers */,
				7A8F4AB61D973CD100280A65 /* AppDelegate.swift */,
				7A8F4ABD1D973CD100280A65 /* Assets.xcassets */,
				7A8F4ABF1D973CD100280A65 /* LaunchScreen.storyboard */,
				7A8F4AC21D973CD100280A65 /* Info.plist */,
			);
			path = FaceSnap;
			sourceTree = "<group>";
		};
		7A8F4ACA1D973CD100280A65 /* FaceSnapTests */ = {
			isa = PBXGroup;
			children = (
				7A8F4ACB1D973CD100280A65 /* FaceSnapTests.swift */,
				7A8F4ACD1D973CD100280A65 /* Info.plist */,
			);
			path = FaceSnapTests;
			sourceTree = "<group>";
		};
		7A94C1691D9858F70041E7C5 /* Helpers */ = {
			isa = PBXGroup;
			children = (
				7A8F4AD61D97426B00280A65 /* MediaPickerManager.swift */,
				7A94C16F1D9860A60041E7C5 /* FilteredImageBuilder.swift */,
				7A3374E01DA35F770077D3E6 /* LocationManager.swift */,
			);
			name = Helpers;
			sourceTree = "<group>";
		};
		7A94C16A1D9859090041E7C5 /* Controller */ = {
			isa = PBXGroup;
			children = (
				7A8F4AB81D973CD100280A65 /* PhotoListController.swift */,
				7A94C16D1D98596C0041E7C5 /* PhotoFilterController.swift */,
				7A3374DE1DA351960077D3E6 /* PhotoMetadataController.swift */,
				7AC3C1D31DA4B3D200049917 /* CoreDataController.swift */,
				7A8B6D311DA7534900B7080C /* PhotoFetchedResultsController.swift */,
				7A8DE1AE1DA8AE3A0004C154 /* PhotoSortListController.swift */,
			);
			name = Controller;
			sourceTree = "<group>";
		};
		7A94C16B1D9859160041E7C5 /* View */ = {
			isa = PBXGroup;
			children = (
				7A94C1711D98B7DA0041E7C5 /* FilteredImageCell.swift */,
				7A8B6D331DA756B200B7080C /* PhotoCell.swift */,
			);
			name = View;
			sourceTree = "<group>";
		};
		7A94C16C1D98591D0041E7C5 /* Model */ = {
			isa = PBXGroup;
			children = (
				7AC3C1D51DA4B4A700049917 /* FaceSnap.xcdatamodeld */,
				7A9F1A8C1DA614390013B0CC /* Photo.swift */,
				7A9F1A8E1DA614D20013B0CC /* Tag.swift */,
				7A9F1A901DA614E90013B0CC /* Location.swift */,
				7A8B6D2F1DA7528A00B7080C /* PhotoDataSource.swift */,
				7A8DE1B01DA8AF780004C154 /* SortableDataSource.swift */,
			);
			name = Model;
			sourceTree = "<group>";
		};
/* End PBXGroup section */

/* Begin PBXNativeTarget section */
		7A8F4AB21D973CD100280A65 /* FaceSnap */ = {
			isa = PBXNativeTarget;
			buildConfigurationList = 7A8F4AD01D973CD100280A65 /* Build configuration list for PBXNativeTarget "FaceSnap" */;
			buildPhases = (
				7A8F4AAF1D973CD100280A65 /* Sources */,
				7A8F4AB01D973CD100280A65 /* Frameworks */,
				7A8F4AB11D973CD100280A65 /* Resources */,
			);
			buildRules = (
			);
			dependencies = (
			);
			name = FaceSnap;
			productName = FaceSnap;
			productReference = 7A8F4AB31D973CD100280A65 /* FaceSnap.app */;
			productType = "com.apple.product-type.application";
		};
		7A8F4AC61D973CD100280A65 /* FaceSnapTests */ = {
			isa = PBXNativeTarget;
			buildConfigurationList = 7A8F4AD31D973CD100280A65 /* Build configuration list for PBXNativeTarget "FaceSnapTests" */;
			buildPhases = (
				7A8F4AC31D973CD100280A65 /* Sources */,
				7A8F4AC41D973CD100280A65 /* Frameworks */,
				7A8F4AC51D973CD100280A65 /* Resources */,
			);
			buildRules = (
			);
			dependencies = (
				7A8F4AC91D973CD100280A65 /* PBXTargetDependency */,
			);
			name = FaceSnapTests;
			productName = FaceSnapTests;
			productReference = 7A8F4AC71D973CD100280A65 /* FaceSnapTests.xctest */;
			productType = "com.apple.product-type.bundle.unit-test";
		};
/* End PBXNativeTarget section */

/* Begin PBXProject section */
		7A8F4AAB1D973CD100280A65 /* Project object */ = {
			isa = PBXProject;
			attributes = {
				LastSwiftUpdateCheck = 0800;
				LastUpgradeCheck = 0800;
				ORGANIZATIONNAME = "Eric Hodgins";
				TargetAttributes = {
					7A8F4AB21D973CD100280A65 = {
						CreatedOnToolsVersion = 8.0;
						DevelopmentTeam = E3QZ6M9437;
						ProvisioningStyle = Automatic;
					};
					7A8F4AC61D973CD100280A65 = {
						CreatedOnToolsVersion = 8.0;
						DevelopmentTeam = E3QZ6M9437;
						ProvisioningStyle = Automatic;
						TestTargetID = 7A8F4AB21D973CD100280A65;
					};
				};
			};
			buildConfigurationList = 7A8F4AAE1D973CD100280A65 /* Build configuration list for PBXProject "FaceSnap" */;
			compatibilityVersion = "Xcode 3.2";
			developmentRegion = English;
			hasScannedForEncodings = 0;
			knownRegions = (
				en,
				Base,
			);
			mainGroup = 7A8F4AAA1D973CD100280A65;
			productRefGroup = 7A8F4AB41D973CD100280A65 /* Products */;
			projectDirPath = "";
			projectRoot = "";
			targets = (
				7A8F4AB21D973CD100280A65 /* FaceSnap */,
				7A8F4AC61D973CD100280A65 /* FaceSnapTests */,
			);
		};
/* End PBXProject section */

/* Begin PBXResourcesBuildPhase section */
		7A8F4AB11D973CD100280A65 /* Resources */ = {
			isa = PBXResourcesBuildPhase;
			buildActionMask = 2147483647;
			files = (
				7A8F4AC11D973CD100280A65 /* LaunchScreen.storyboard in Resources */,
				7A8F4ABE1D973CD100280A65 /* Assets.xcassets in Resources */,
			);
			runOnlyForDeploymentPostprocessing = 0;
		};
		7A8F4AC51D973CD100280A65 /* Resources */ = {
			isa = PBXResourcesBuildPhase;
			buildActionMask = 2147483647;
			files = (
			);
			runOnlyForDeploymentPostprocessing = 0;
		};
/* End PBXResourcesBuildPhase section */

/* Begin PBXSourcesBuildPhase section */
		7A8F4AAF1D973CD100280A65 /* Sources */ = {
			isa = PBXSourcesBuildPhase;
			buildActionMask = 2147483647;
			files = (
				7A9F1A8F1DA614D20013B0CC /* Tag.swift in Sources */,
				7A8B6D301DA7528A00B7080C /* PhotoDataSource.swift in Sources */,
				7A8DE1B11DA8AF780004C154 /* SortableDataSource.swift in Sources */,
				7AC3C1D71DA4B4A700049917 /* FaceSnap.xcdatamodeld in Sources */,
				7A94C1701D9860A60041E7C5 /* FilteredImageBuilder.swift in Sources */,
				7A8B6D341DA756B200B7080C /* PhotoCell.swift in Sources */,
				7A8F4AD71D97426B00280A65 /* MediaPickerManager.swift in Sources */,
				7A94C1721D98B7DA0041E7C5 /* FilteredImageCell.swift in Sources */,
				7A8F4AB91D973CD100280A65 /* PhotoListController.swift in Sources */,
				7A9F1A911DA614E90013B0CC /* Location.swift in Sources */,
				7A8DE1AF1DA8AE3A0004C154 /* PhotoSortListController.swift in Sources */,
				7A3374E11DA35F770077D3E6 /* LocationManager.swift in Sources */,
				7AC3C1D41DA4B3D200049917 /* CoreDataController.swift in Sources */,
				7A9F1A8D1DA614390013B0CC /* Photo.swift in Sources */,
				7A94C16E1D98596C0041E7C5 /* PhotoFilterController.swift in Sources */,
				7A8B6D321DA7534900B7080C /* PhotoFetchedResultsController.swift in Sources */,
				7A3374DF1DA351960077D3E6 /* PhotoMetadataController.swift in Sources */,
				7A8F4AB71D973CD100280A65 /* AppDelegate.swift in Sources */,
			);
			runOnlyForDeploymentPostprocessing = 0;
		};
		7A8F4AC31D973CD100280A65 /* Sources */ = {
			isa = PBXSourcesBuildPhase;
			buildActionMask = 2147483647;
			files = (
				7A8F4ACC1D973CD100280A65 /* FaceSnapTests.swift in Sources */,
			);
			runOnlyForDeploymentPostprocessing = 0;
		};
/* End PBXSourcesBuildPhase section */

/* Begin PBXTargetDependency section */
		7A8F4AC91D973CD100280A65 /* PBXTargetDependency */ = {
			isa = PBXTargetDependency;
			target = 7A8F4AB21D973CD100280A65 /* FaceSnap */;
			targetProxy = 7A8F4AC81D973CD100280A65 /* PBXContainerItemProxy */;
		};
/* End PBXTargetDependency section */

/* Begin PBXVariantGroup section */
		7A8F4ABF1D973CD100280A65 /* LaunchScreen.storyboard */ = {
			isa = PBXVariantGroup;
			children = (
				7A8F4AC01D973CD100280A65 /* Base */,
			);
			name = LaunchScreen.storyboard;
			sourceTree = "<group>";
		};
/* End PBXVariantGroup section */

/* Begin XCBuildConfiguration section */
		7A8F4ACE1D973CD100280A65 /* Debug */ = {
			isa = XCBuildConfiguration;
			buildSettings = {
				ALWAYS_SEARCH_USER_PATHS = NO;
				CLANG_ANALYZER_NONNULL = YES;
				CLANG_CXX_LANGUAGE_STANDARD = "gnu++0x";
				CLANG_CXX_LIBRARY = "libc++";
				CLANG_ENABLE_MODULES = YES;
				CLANG_ENABLE_OBJC_ARC = YES;
				CLANG_WARN_BOOL_CONVERSION = YES;
				CLANG_WARN_CONSTANT_CONVERSION = YES;
				CLANG_WARN_DIRECT_OBJC_ISA_USAGE = YES_ERROR;
				CLANG_WARN_DOCUMENTATION_COMMENTS = YES;
				CLANG_WARN_EMPTY_BODY = YES;
				CLANG_WARN_ENUM_CONVERSION = YES;
				CLANG_WARN_INFINITE_RECURSION = YES;
				CLANG_WARN_INT_CONVERSION = YES;
				CLANG_WARN_OBJC_ROOT_CLASS = YES_ERROR;
				CLANG_WARN_SUSPICIOUS_MOVES = YES;
				CLANG_WARN_UNREACHABLE_CODE = YES;
				CLANG_WARN__DUPLICATE_METHOD_MATCH = YES;
				"CODE_SIGN_IDENTITY[sdk=iphoneos*]" = "iPhone Developer";
				COPY_PHASE_STRIP = NO;
				DEBUG_INFORMATION_FORMAT = dwarf;
				ENABLE_STRICT_OBJC_MSGSEND = YES;
				ENABLE_TESTABILITY = YES;
				GCC_C_LANGUAGE_STANDARD = gnu99;
				GCC_DYNAMIC_NO_PIC = NO;
				GCC_NO_COMMON_BLOCKS = YES;
				GCC_OPTIMIZATION_LEVEL = 0;
				GCC_PREPROCESSOR_DEFINITIONS = (
					"DEBUG=1",
					"$(inherited)",
				);
				GCC_WARN_64_TO_32_BIT_CONVERSION = YES;
				GCC_WARN_ABOUT_RETURN_TYPE = YES_ERROR;
				GCC_WARN_UNDECLARED_SELECTOR = YES;
				GCC_WARN_UNINITIALIZED_AUTOS = YES_AGGRESSIVE;
				GCC_WARN_UNUSED_FUNCTION = YES;
				GCC_WARN_UNUSED_VARIABLE = YES;
				IPHONEOS_DEPLOYMENT_TARGET = 10.0;
				MTL_ENABLE_DEBUG_INFO = YES;
				ONLY_ACTIVE_ARCH = YES;
				SDKROOT = iphoneos;
				SWIFT_ACTIVE_COMPILATION_CONDITIONS = DEBUG;
				SWIFT_OPTIMIZATION_LEVEL = "-Onone";
				TARGETED_DEVICE_FAMILY = "1,2";
			};
			name = Debug;
		};
		7A8F4ACF1D973CD100280A65 /* Release */ = {
			isa = XCBuildConfiguration;
			buildSettings = {
				ALWAYS_SEARCH_USER_PATHS = NO;
				CLANG_ANALYZER_NONNULL = YES;
				CLANG_CXX_LANGUAGE_STANDARD = "gnu++0x";
				CLANG_CXX_LIBRARY = "libc++";
				CLANG_ENABLE_MODULES = YES;
				CLANG_ENABLE_OBJC_ARC = YES;
				CLANG_WARN_BOOL_CONVERSION = YES;
				CLANG_WARN_CONSTANT_CONVERSION = YES;
				CLANG_WARN_DIRECT_OBJC_ISA_USAGE = YES_ERROR;
				CLANG_WARN_DOCUMENTATION_COMMENTS = YES;
				CLANG_WARN_EMPTY_BODY = YES;
				CLANG_WARN_ENUM_CONVERSION = YES;
				CLANG_WARN_INFINITE_RECURSION = YES;
				CLANG_WARN_INT_CONVERSION = YES;
				CLANG_WARN_OBJC_ROOT_CLASS = YES_ERROR;
				CLANG_WARN_SUSPICIOUS_MOVES = YES;
				CLANG_WARN_UNREACHABLE_CODE = YES;
				CLANG_WARN__DUPLICATE_METHOD_MATCH = YES;
				"CODE_SIGN_IDENTITY[sdk=iphoneos*]" = "iPhone Developer";
				COPY_PHASE_STRIP = NO;
				DEBUG_INFORMATION_FORMAT = "dwarf-with-dsym";
				ENABLE_NS_ASSERTIONS = NO;
				ENABLE_STRICT_OBJC_MSGSEND = YES;
				GCC_C_LANGUAGE_STANDARD = gnu99;
				GCC_NO_COMMON_BLOCKS = YES;
				GCC_WARN_64_TO_32_BIT_CONVERSION = YES;
				GCC_WARN_ABOUT_RETURN_TYPE = YES_ERROR;
				GCC_WARN_UNDECLARED_SELECTOR = YES;
				GCC_WARN_UNINITIALIZED_AUTOS = YES_AGGRESSIVE;
				GCC_WARN_UNUSED_FUNCTION = YES;
				GCC_WARN_UNUSED_VARIABLE = YES;
				IPHONEOS_DEPLOYMENT_TARGET = 10.0;
				MTL_ENABLE_DEBUG_INFO = NO;
				SDKROOT = iphoneos;
				SWIFT_OPTIMIZATION_LEVEL = "-Owholemodule";
				TARGETED_DEVICE_FAMILY = "1,2";
				VALIDATE_PRODUCT = YES;
			};
			name = Release;
		};
		7A8F4AD11D973CD100280A65 /* Debug */ = {
			isa = XCBuildConfiguration;
			buildSettings = {
				ASSETCATALOG_COMPILER_APPICON_NAME = AppIcon;
				DEVELOPMENT_TEAM = E3QZ6M9437;
				INFOPLIST_FILE = FaceSnap/Info.plist;
				LD_RUNPATH_SEARCH_PATHS = "$(inherited) @executable_path/Frameworks";
				PRODUCT_BUNDLE_IDENTIFIER = com.hodginsEric.FaceSnap;
				PRODUCT_NAME = "$(TARGET_NAME)";
				SWIFT_VERSION = 3.0;
			};
			name = Debug;
		};
		7A8F4AD21D973CD100280A65 /* Release */ = {
			isa = XCBuildConfiguration;
			buildSettings = {
				ASSETCATALOG_COMPILER_APPICON_NAME = AppIcon;
				DEVELOPMENT_TEAM = E3QZ6M9437;
				INFOPLIST_FILE = FaceSnap/Info.plist;
				LD_RUNPATH_SEARCH_PATHS = "$(inherited) @executable_path/Frameworks";
				PRODUCT_BUNDLE_IDENTIFIER = com.hodginsEric.FaceSnap;
				PRODUCT_NAME = "$(TARGET_NAME)";
				SWIFT_VERSION = 3.0;
			};
			name = Release;
		};
		7A8F4AD41D973CD100280A65 /* Debug */ = {
			isa = XCBuildConfiguration;
			buildSettings = {
				ALWAYS_EMBED_SWIFT_STANDARD_LIBRARIES = YES;
				BUNDLE_LOADER = "$(TEST_HOST)";
				DEVELOPMENT_TEAM = E3QZ6M9437;
				INFOPLIST_FILE = FaceSnapTests/Info.plist;
				LD_RUNPATH_SEARCH_PATHS = "$(inherited) @executable_path/Frameworks @loader_path/Frameworks";
				PRODUCT_BUNDLE_IDENTIFIER = com.hodginsEric.FaceSnapTests;
				PRODUCT_NAME = "$(TARGET_NAME)";
				SWIFT_VERSION = 3.0;
				TEST_HOST = "$(BUILT_PRODUCTS_DIR)/FaceSnap.app/FaceSnap";
			};
			name = Debug;
		};
		7A8F4AD51D973CD100280A65 /* Release */ = {
			isa = XCBuildConfiguration;
			buildSettings = {
				ALWAYS_EMBED_SWIFT_STANDARD_LIBRARIES = YES;
				BUNDLE_LOADER = "$(TEST_HOST)";
				DEVELOPMENT_TEAM = E3QZ6M9437;
				INFOPLIST_FILE = FaceSnapTests/Info.plist;
				LD_RUNPATH_SEARCH_PATHS = "$(inherited) @executable_path/Frameworks @loader_path/Frameworks";
				PRODUCT_BUNDLE_IDENTIFIER = com.hodginsEric.FaceSnapTests;
				PRODUCT_NAME = "$(TARGET_NAME)";
				SWIFT_VERSION = 3.0;
				TEST_HOST = "$(BUILT_PRODUCTS_DIR)/FaceSnap.app/FaceSnap";
			};
			name = Release;
		};
/* End XCBuildConfiguration section */

/* Begin XCConfigurationList section */
		7A8F4AAE1D973CD100280A65 /* Build configuration list for PBXProject "FaceSnap" */ = {
			isa = XCConfigurationList;
			buildConfigurations = (
				7A8F4ACE1D973CD100280A65 /* Debug */,
				7A8F4ACF1D973CD100280A65 /* Release */,
			);
			defaultConfigurationIsVisible = 0;
			defaultConfigurationName = Release;
		};
		7A8F4AD01D973CD100280A65 /* Build configuration list for PBXNativeTarget "FaceSnap" */ = {
			isa = XCConfigurationList;
			buildConfigurations = (
				7A8F4AD11D973CD100280A65 /* Debug */,
				7A8F4AD21D973CD100280A65 /* Release */,
			);
			defaultConfigurationIsVisible = 0;
			defaultConfigurationName = Release;
		};
		7A8F4AD31D973CD100280A65 /* Build configuration list for PBXNativeTarget "FaceSnapTests" */ = {
			isa = XCConfigurationList;
			buildConfigurations = (
				7A8F4AD41D973CD100280A65 /* Debug */,
				7A8F4AD51D973CD100280A65 /* Release */,
			);
			defaultConfigurationIsVisible = 0;
			defaultConfigurationName = Release;
		};
/* End XCConfigurationList section */

/* Begin XCVersionGroup section */
		7AC3C1D51DA4B4A700049917 /* FaceSnap.xcdatamodeld */ = {
			isa = XCVersionGroup;
			children = (
				7AC3C1D61DA4B4A700049917 /* FaceSnap.xcdatamodel */,
			);
			currentVersion = 7AC3C1D61DA4B4A700049917 /* FaceSnap.xcdatamodel */;
			path = FaceSnap.xcdatamodeld;
			sourceTree = "<group>";
			versionGroupType = wrapper.xcdatamodel;
		};
/* End XCVersionGroup section */
	};
	rootObject = 7A8F4AAB1D973CD100280A65 /* Project object */;
}
